
Microsoft Visual Studio Solution File, Format Version 12.00
# Visual Studio Version 16
VisualStudioVersion = 16.0.31729.503
MinimumVisualStudioVersion = 10.0.40219.1
Project("{FAE04EC0-301F-11D3-BF4B-00C04F79EFBC}") = "UrbanCompany.API", "UrbanCompany.API\UrbanCompany.API.csproj", "{94DC3DE9-B837-4D4C-A85A-A9F7EC9F5950}"
EndProject
Global
	GlobalSection(SolutionConfigurationPlatforms) = preSolution
		Debug|Any CPU = Debug|Any CPU
		Release|Any CPU = Release|Any CPU
	EndGlobalSection
	GlobalSection(ProjectConfigurationPlatforms) = postSolution
		{94DC3DE9-B837-4D4C-A85A-A9F7EC9F5950}.Debug|Any CPU.ActiveCfg = Debug|Any CPU
		{94DC3DE9-B837-4D4C-A85A-A9F7EC9F5950}.Debug|Any CPU.Build.0 = Debug|Any CPU
		{94DC3DE9-B837-4D4C-A85A-A9F7EC9F5950}.Release|Any CPU.ActiveCfg = Release|Any CPU
		{94DC3DE9-B837-4D4C-A85A-A9F7EC9F5950}.Release|Any CPU.Build.0 = Release|Any CPU
	EndGlobalSection
	GlobalSection(SolutionProperties) = preSolution
		HideSolutionNode = FALSE
	EndGlobalSection
	GlobalSection(ExtensibilityGlobals) = postSolution
		SolutionGuid = {DECCFFCE-9C2C-4978-8F04-EFA7BE10469F}
	EndGlobalSection
EndGlobal
